PODS:
  - composeApp (1.0):
    - FormatterKit (= 1.9.0)
    - libPhoneNumber-iOS (= 1.2.0)
    - PhoneNumberKit (= 4.0.1)
  - FormatterKit (1.9.0):
    - FormatterKit/AddressFormatter (= 1.9.0)
    - FormatterKit/ArrayFormatter (= 1.9.0)
    - FormatterKit/ColorFormatter (= 1.9.0)
    - FormatterKit/LocationFormatter (= 1.9.0)
    - FormatterKit/NameFormatter (= 1.9.0)
    - FormatterKit/OrdinalNumberFormatter (= 1.9.0)
    - FormatterKit/Resources (= 1.9.0)
    - FormatterKit/TimeIntervalFormatter (= 1.9.0)
    - FormatterKit/UnitOfInformationFormatter (= 1.9.0)
    - FormatterKit/URLRequestFormatter (= 1.9.0)
  - FormatterKit/AddressFormatter (1.9.0):
    - FormatterKit/Resources
  - FormatterKit/ArrayFormatter (1.9.0):
    - FormatterKit/Resources
  - FormatterKit/ColorFormatter (1.9.0):
    - FormatterKit/Resources
  - FormatterKit/LocationFormatter (1.9.0):
    - FormatterKit/Resources
  - FormatterKit/NameFormatter (1.9.0):
    - FormatterKit/Resources
  - FormatterKit/OrdinalNumberFormatter (1.9.0):
    - FormatterKit/Resources
  - FormatterKit/Resources (1.9.0)
  - FormatterKit/TimeIntervalFormatter (1.9.0):
    - FormatterKit/Resources
  - FormatterKit/UnitOfInformationFormatter (1.9.0):
    - FormatterKit/Resources
  - FormatterKit/URLRequestFormatter (1.9.0):
    - FormatterKit/Resources
  - libPhoneNumber-iOS (1.2.0)
  - PhoneNumberKit (4.0.1):
    - PhoneNumberKit/PhoneNumberKitCore (= 4.0.1)
    - PhoneNumberKit/UIKit (= 4.0.1)
  - PhoneNumberKit/PhoneNumberKitCore (4.0.1)
  - PhoneNumberKit/UIKit (4.0.1):
    - PhoneNumberKit/PhoneNumberKitCore

DEPENDENCIES:
  - composeApp (from `../composeApp`)

SPEC REPOS:
  trunk:
    - FormatterKit
    - libPhoneNumber-iOS
    - PhoneNumberKit

EXTERNAL SOURCES:
  composeApp:
    :path: "../composeApp"

SPEC CHECKSUMS:
  composeApp: f390dd451ed7e1124fcadae4f70aabddd10be199
  FormatterKit: 184db51bf120b633693a73624a4cede89ec51a41
  libPhoneNumber-iOS: 08887de018360f60facbf1a8cb2a8eff4ffb30af
  PhoneNumberKit: a74155066daa6450475f6a029068eb919fb00d5d

PODFILE CHECKSUM: f90b99d0d33898e75de1e040e16c8beb388c0fc7

COCOAPODS: 1.15.2
